// !$*UTF8*$!
{
	archiveVersion = 1;
	classes = {
	};
	objectVersion = 50;
	objects = {

/* Begin PBXBuildFile section */
		E175827A25CB3429007036E6 /* TMDBApp.swift in Sources */ = {isa = PBXBuildFile; fileRef = E175827925CB3429007036E6 /* TMDBApp.swift */; };
		E175827C25CB3429007036E6 /* ContentView.swift in Sources */ = {isa = PBXBuildFile; fileRef = E175827B25CB3429007036E6 /* ContentView.swift */; };
		E175827E25CB3429007036E6 /* Assets.xcassets in Resources */ = {isa = PBXBuildFile; fileRef = E175827D25CB3429007036E6 /* Assets.xcassets */; };
		E175828125CB3429007036E6 /* Preview Assets.xcassets in Resources */ = {isa = PBXBuildFile; fileRef = E175828025CB3429007036E6 /* Preview Assets.xcassets */; };
		E175828B25CB3514007036E6 /* Movie.swift in Sources */ = {isa = PBXBuildFile; fileRef = E175828A25CB3514007036E6 /* Movie.swift */; };
		E175828F25CB35B2007036E6 /* MovieService.swift in Sources */ = {isa = PBXBuildFile; fileRef = E175828E25CB35B2007036E6 /* MovieService.swift */; };
		E175829325CB3876007036E6 /* MovieStore.swift in Sources */ = {isa = PBXBuildFile; fileRef = E175829225CB3876007036E6 /* MovieStore.swift */; };
		E175829625CB3938007036E6 /* Utils.swift in Sources */ = {isa = PBXBuildFile; fileRef = E175829525CB3938007036E6 /* Utils.swift */; };
		E175829925CB40C9007036E6 /* Movie+Stub.swift in Sources */ = {isa = PBXBuildFile; fileRef = E175829825CB40C9007036E6 /* Movie+Stub.swift */; };
		E17582A125CB436E007036E6 /* MovieBackdropCard.swift in Sources */ = {isa = PBXBuildFile; fileRef = E17582A025CB436E007036E6 /* MovieBackdropCard.swift */; };
		E17582A525CB4410007036E6 /* ImageLoader.swift in Sources */ = {isa = PBXBuildFile; fileRef = E17582A425CB4410007036E6 /* ImageLoader.swift */; };
		E17582B525CB4A6C007036E6 /* movie_info.json in Resources */ = {isa = PBXBuildFile; fileRef = E17582B225CB4A6B007036E6 /* movie_info.json */; };
		E17582B625CB4A6C007036E6 /* search_movie.json in Resources */ = {isa = PBXBuildFile; fileRef = E17582B325CB4A6C007036E6 /* search_movie.json */; };
		E17582B725CB4A6C007036E6 /* movie_list.json in Resources */ = {isa = PBXBuildFile; fileRef = E17582B425CB4A6C007036E6 /* movie_list.json */; };
		E17582BA25CB4CE0007036E6 /* MovieBackdropCaraousel.swift in Sources */ = {isa = PBXBuildFile; fileRef = E17582B925CB4CE0007036E6 /* MovieBackdropCaraousel.swift */; };
/* End PBXBuildFile section */

/* Begin PBXFileReference section */
		E175827625CB3429007036E6 /* TMDB.app */ = {isa = PBXFileReference; explicitFileType = wrapper.application; includeInIndex = 0; path = TMDB.app; sourceTree = BUILT_PRODUCTS_DIR; };
		E175827925CB3429007036E6 /* TMDBApp.swift */ = {isa = PBXFileReference; lastKnownFileType = sourcecode.swift; path = TMDBApp.swift; sourceTree = "<group>"; };
		E175827B25CB3429007036E6 /* ContentView.swift */ = {isa = PBXFileReference; lastKnownFileType = sourcecode.swift; path = ContentView.swift; sourceTree = "<group>"; };
		E175827D25CB3429007036E6 /* Assets.xcassets */ = {isa = PBXFileReference; lastKnownFileType = folder.assetcatalog; path = Assets.xcassets; sourceTree = "<group>"; };
		E175828025CB3429007036E6 /* Preview Assets.xcassets */ = {isa = PBXFileReference; lastKnownFileType = folder.assetcatalog; path = "Preview Assets.xcassets"; sourceTree = "<group>"; };
		E175828225CB3429007036E6 /* Info.plist */ = {isa = PBXFileReference; lastKnownFileType = text.plist.xml; path = Info.plist; sourceTree = "<group>"; };
		E175828A25CB3514007036E6 /* Movie.swift */ = {isa = PBXFileReference; lastKnownFileType = sourcecode.swift; path = Movie.swift; sourceTree = "<group>"; };
		E175828E25CB35B2007036E6 /* MovieService.swift */ = {isa = PBXFileReference; lastKnownFileType = sourcecode.swift; path = MovieService.swift; sourceTree = "<group>"; };
		E175829225CB3876007036E6 /* MovieStore.swift */ = {isa = PBXFileReference; lastKnownFileType = sourcecode.swift; path = MovieStore.swift; sourceTree = "<group>"; };
		E175829525CB3938007036E6 /* Utils.swift */ = {isa = PBXFileReference; lastKnownFileType = sourcecode.swift; path = Utils.swift; sourceTree = "<group>"; };
		E175829825CB40C9007036E6 /* Movie+Stub.swift */ = {isa = PBXFileReference; lastKnownFileType = sourcecode.swift; path = "Movie+Stub.swift"; sourceTree = "<group>"; };
		E17582A025CB436E007036E6 /* MovieBackdropCard.swift */ = {isa = PBXFileReference; lastKnownFileType = sourcecode.swift; path = MovieBackdropCard.swift; sourceTree = "<group>"; };
		E17582A425CB4410007036E6 /* ImageLoader.swift */ = {isa = PBXFileReference; lastKnownFileType = sourcecode.swift; path = ImageLoader.swift; sourceTree = "<group>"; };
		E17582B225CB4A6B007036E6 /* movie_info.json */ = {isa = PBXFileReference; fileEncoding = 4; lastKnownFileType = text.json; path = movie_info.json; sourceTree = "<group>"; };
		E17582B325CB4A6C007036E6 /* search_movie.json */ = {isa = PBXFileReference; fileEncoding = 4; lastKnownFileType = text.json; path = search_movie.json; sourceTree = "<group>"; };
		E17582B425CB4A6C007036E6 /* movie_list.json */ = {isa = PBXFileReference; fileEncoding = 4; lastKnownFileType = text.json; path = movie_list.json; sourceTree = "<group>"; };
		E17582B925CB4CE0007036E6 /* MovieBackdropCaraousel.swift */ = {isa = PBXFileReference; lastKnownFileType = sourcecode.swift; path = MovieBackdropCaraousel.swift; sourceTree = "<group>"; };
/* End PBXFileReference section */

/* Begin PBXFrameworksBuildPhase section */
		E175827325CB3428007036E6 /* Frameworks */ = {
			isa = PBXFrameworksBuildPhase;
			buildActionMask = 2147483647;
			files = (
			);
			runOnlyForDeploymentPostprocessing = 0;
		};
/* End PBXFrameworksBuildPhase section */

/* Begin PBXGroup section */
		E175826D25CB3428007036E6 = {
			isa = PBXGroup;
			children = (
				E175827825CB3429007036E6 /* TMDB */,
				E175827725CB3429007036E6 /* Products */,
			);
			sourceTree = "<group>";
		};
		E175827725CB3429007036E6 /* Products */ = {
			isa = PBXGroup;
			children = (
				E175827625CB3429007036E6 /* TMDB.app */,
			);
			name = Products;
			sourceTree = "<group>";
		};
		E175827825CB3429007036E6 /* TMDB */ = {
			isa = PBXGroup;
			children = (
				E17582A325CB43F6007036E6 /* Bindings */,
				E175829F25CB435D007036E6 /* Views */,
				E175829C25CB4137007036E6 /* Resources */,
				E175828D25CB35A7007036E6 /* Services */,
				E175828925CB3508007036E6 /* Models */,
				E175827925CB3429007036E6 /* TMDBApp.swift */,
				E175827B25CB3429007036E6 /* ContentView.swift */,
				E175827D25CB3429007036E6 /* Assets.xcassets */,
				E175828225CB3429007036E6 /* Info.plist */,
				E175827F25CB3429007036E6 /* Preview Content */,
				E175829525CB3938007036E6 /* Utils.swift */,
			);
			path = TMDB;
			sourceTree = "<group>";
		};
		E175827F25CB3429007036E6 /* Preview Content */ = {
			isa = PBXGroup;
			children = (
				E175828025CB3429007036E6 /* Preview Assets.xcassets */,
			);
			path = "Preview Content";
			sourceTree = "<group>";
		};
		E175828925CB3508007036E6 /* Models */ = {
			isa = PBXGroup;
			children = (
				E175828A25CB3514007036E6 /* Movie.swift */,
				E175829825CB40C9007036E6 /* Movie+Stub.swift */,
			);
			path = Models;
			sourceTree = "<group>";
		};
		E175828D25CB35A7007036E6 /* Services */ = {
			isa = PBXGroup;
			children = (
				E175828E25CB35B2007036E6 /* MovieService.swift */,
				E175829225CB3876007036E6 /* MovieStore.swift */,
			);
			path = Services;
			sourceTree = "<group>";
		};
		E175829C25CB4137007036E6 /* Resources */ = {
			isa = PBXGroup;
			children = (
				E17582B225CB4A6B007036E6 /* movie_info.json */,
				E17582B425CB4A6C007036E6 /* movie_list.json */,
				E17582B325CB4A6C007036E6 /* search_movie.json */,
			);
			path = Resources;
			sourceTree = "<group>";
		};
		E175829F25CB435D007036E6 /* Views */ = {
			isa = PBXGroup;
			children = (
				E17582A025CB436E007036E6 /* MovieBackdropCard.swift */,
				E17582B925CB4CE0007036E6 /* MovieBackdropCaraousel.swift */,
			);
			path = Views;
			sourceTree = "<group>";
		};
		E17582A325CB43F6007036E6 /* Bindings */ = {
			isa = PBXGroup;
			children = (
				E17582A425CB4410007036E6 /* ImageLoader.swift */,
			);
			path = Bindings;
			sourceTree = "<group>";
		};
/* End PBXGroup section */

/* Begin PBXNativeTarget section */
		E175827525CB3428007036E6 /* TMDB */ = {
			isa = PBXNativeTarget;
			buildConfigurationList = E175828525CB3429007036E6 /* Build configuration list for PBXNativeTarget "TMDB" */;
			buildPhases = (
				E175827225CB3428007036E6 /* Sources */,
				E175827325CB3428007036E6 /* Frameworks */,
				E175827425CB3428007036E6 /* Resources */,
			);
			buildRules = (
			);
			dependencies = (
			);
			name = TMDB;
			productName = TMDB;
			productReference = E175827625CB3429007036E6 /* TMDB.app */;
			productType = "com.apple.product-type.application";
		};
/* End PBXNativeTarget section */

/* Begin PBXProject section */
		E175826E25CB3428007036E6 /* Project object */ = {
			isa = PBXProject;
			attributes = {
				LastSwiftUpdateCheck = 1230;
				LastUpgradeCheck = 1230;
				TargetAttributes = {
					E175827525CB3428007036E6 = {
						CreatedOnToolsVersion = 12.3;
					};
				};
			};
			buildConfigurationList = E175827125CB3428007036E6 /* Build configuration list for PBXProject "TMDB" */;
			compatibilityVersion = "Xcode 9.3";
			developmentRegion = en;
			hasScannedForEncodings = 0;
			knownRegions = (
				en,
				Base,
			);
			mainGroup = E175826D25CB3428007036E6;
			productRefGroup = E175827725CB3429007036E6 /* Products */;
			projectDirPath = "";
			projectRoot = "";
			targets = (
				E175827525CB3428007036E6 /* TMDB */,
			);
		};
/* End PBXProject section */

/* Begin PBXResourcesBuildPhase section */
		E175827425CB3428007036E6 /* Resources */ = {
			isa = PBXResourcesBuildPhase;
			buildActionMask = 2147483647;
			files = (
				E175828125CB3429007036E6 /* Preview Assets.xcassets in Resources */,
				E17582B525CB4A6C007036E6 /* movie_info.json in Resources */,
				E17582B625CB4A6C007036E6 /* search_movie.json in Resources */,
				E17582B725CB4A6C007036E6 /* movie_list.json in Resources */,
				E175827E25CB3429007036E6 /* Assets.xcassets in Resources */,
			);
			runOnlyForDeploymentPostprocessing = 0;
		};
/* End PBXResourcesBuildPhase section */

/* Begin PBXSourcesBuildPhase section */
		E175827225CB3428007036E6 /* Sources */ = {
			isa = PBXSourcesBuildPhase;
			buildActionMask = 2147483647;
			files = (
				E17582BA25CB4CE0007036E6 /* MovieBackdropCaraousel.swift in Sources */,
				E175827C25CB3429007036E6 /* ContentView.swift in Sources */,
				E175827A25CB3429007036E6 /* TMDBApp.swift in Sources */,
				E17582A125CB436E007036E6 /* MovieBackdropCard.swift in Sources */,
				E175828F25CB35B2007036E6 /* MovieService.swift in Sources */,
				E175829925CB40C9007036E6 /* Movie+Stub.swift in Sources */,
				E17582A525CB4410007036E6 /* ImageLoader.swift in Sources */,
				E175828B25CB3514007036E6 /* Movie.swift in Sources */,
				E175829325CB3876007036E6 /* MovieStore.swift in Sources */,
				E175829625CB3938007036E6 /* Utils.swift in Sources */,
			);
			runOnlyForDeploymentPostprocessing = 0;
		};
/* End PBXSourcesBuildPhase section */

/* Begin XCBuildConfiguration section */
		E175828325CB3429007036E6 /* Debug */ = {
			isa = XCBuildConfiguration;
			buildSettings = {
				ALWAYS_SEARCH_USER_PATHS = NO;
				CLANG_ANALYZER_NONNULL = YES;
				CLANG_ANALYZER_NUMBER_OBJECT_CONVERSION = YES_AGGRESSIVE;
				CLANG_CXX_LANGUAGE_STANDARD = "gnu++14";
				CLANG_CXX_LIBRARY = "libc++";
				CLANG_ENABLE_MODULES = YES;
				CLANG_ENABLE_OBJC_ARC = YES;
				CLANG_ENABLE_OBJC_WEAK = YES;
				CLANG_WARN_BLOCK_CAPTURE_AUTORELEASING = YES;
				CLANG_WARN_BOOL_CONVERSION = YES;
				CLANG_WARN_COMMA = YES;
				CLANG_WARN_CONSTANT_CONVERSION = YES;
				CLANG_WARN_DEPRECATED_OBJC_IMPLEMENTATIONS = YES;
				CLANG_WARN_DIRECT_OBJC_ISA_USAGE = YES_ERROR;
				CLANG_WARN_DOCUMENTATION_COMMENTS = YES;
				CLANG_WARN_EMPTY_BODY = YES;
				CLANG_WARN_ENUM_CONVERSION = YES;
				CLANG_WARN_INFINITE_RECURSION = YES;
				CLANG_WARN_INT_CONVERSION = YES;
				CLANG_WARN_NON_LITERAL_NULL_CONVERSION = YES;
				CLANG_WARN_OBJC_IMPLICIT_RETAIN_SELF = YES;
				CLANG_WARN_OBJC_LITERAL_CONVERSION = YES;
				CLANG_WARN_OBJC_ROOT_CLASS = YES_ERROR;
				CLANG_WARN_QUOTED_INCLUDE_IN_FRAMEWORK_HEADER = YES;
				CLANG_WARN_RANGE_LOOP_ANALYSIS = YES;
				CLANG_WARN_STRICT_PROTOTYPES = YES;
				CLANG_WARN_SUSPICIOUS_MOVE = YES;
				CLANG_WARN_UNGUARDED_AVAILABILITY = YES_AGGRESSIVE;
				CLANG_WARN_UNREACHABLE_CODE = YES;
				CLANG_WARN__DUPLICATE_METHOD_MATCH = YES;
				COPY_PHASE_STRIP = NO;
				DEBUG_INFORMATION_FORMAT = dwarf;
				ENABLE_STRICT_OBJC_MSGSEND = YES;
				ENABLE_TESTABILITY = YES;
				GCC_C_LANGUAGE_STANDARD = gnu11;
				GCC_DYNAMIC_NO_PIC = NO;
				GCC_NO_COMMON_BLOCKS = YES;
				GCC_OPTIMIZATION_LEVEL = 0;
				GCC_PREPROCESSOR_DEFINITIONS = (
					"DEBUG=1",
					"$(inherited)",
				);
				GCC_WARN_64_TO_32_BIT_CONVERSION = YES;
				GCC_WARN_ABOUT_RETURN_TYPE = YES_ERROR;
				GCC_WARN_UNDECLARED_SELECTOR = YES;
				GCC_WARN_UNINITIALIZED_AUTOS = YES_AGGRESSIVE;
				GCC_WARN_UNUSED_FUNCTION = YES;
				GCC_WARN_UNUSED_VARIABLE = YES;
				IPHONEOS_DEPLOYMENT_TARGET = 14.3;
				MTL_ENABLE_DEBUG_INFO = INCLUDE_SOURCE;
				MTL_FAST_MATH = YES;
				ONLY_ACTIVE_ARCH = YES;
				SDKROOT = iphoneos;
				SWIFT_ACTIVE_COMPILATION_CONDITIONS = DEBUG;
				SWIFT_OPTIMIZATION_LEVEL = "-Onone";
			};
			name = Debug;
		};
		E175828425CB3429007036E6 /* Release */ = {
			isa = XCBuildConfiguration;
			buildSettings = {
				ALWAYS_SEARCH_USER_PATHS = NO;
				CLANG_ANALYZER_NONNULL = YES;
				CLANG_ANALYZER_NUMBER_OBJECT_CONVERSION = YES_AGGRESSIVE;
				CLANG_CXX_LANGUAGE_STANDARD = "gnu++14";
				CLANG_CXX_LIBRARY = "libc++";
				CLANG_ENABLE_MODULES = YES;
				CLANG_ENABLE_OBJC_ARC = YES;
				CLANG_ENABLE_OBJC_WEAK = YES;
				CLANG_WARN_BLOCK_CAPTURE_AUTORELEASING = YES;
				CLANG_WARN_BOOL_CONVERSION = YES;
				CLANG_WARN_COMMA = YES;
				CLANG_WARN_CONSTANT_CONVERSION = YES;
				CLANG_WARN_DEPRECATED_OBJC_IMPLEMENTATIONS = YES;
				CLANG_WARN_DIRECT_OBJC_ISA_USAGE = YES_ERROR;
				CLANG_WARN_DOCUMENTATION_COMMENTS = YES;
				CLANG_WARN_EMPTY_BODY = YES;
				CLANG_WARN_ENUM_CONVERSION = YES;
				CLANG_WARN_INFINITE_RECURSION = YES;
				CLANG_WARN_INT_CONVERSION = YES;
				CLANG_WARN_NON_LITERAL_NULL_CONVERSION = YES;
				CLANG_WARN_OBJC_IMPLICIT_RETAIN_SELF = YES;
				CLANG_WARN_OBJC_LITERAL_CONVERSION = YES;
				CLANG_WARN_OBJC_ROOT_CLASS = YES_ERROR;
				CLANG_WARN_QUOTED_INCLUDE_IN_FRAMEWORK_HEADER = YES;
				CLANG_WARN_RANGE_LOOP_ANALYSIS = YES;
				CLANG_WARN_STRICT_PROTOTYPES = YES;
				CLANG_WARN_SUSPICIOUS_MOVE = YES;
				CLANG_WARN_UNGUARDED_AVAILABILITY = YES_AGGRESSIVE;
				CLANG_WARN_UNREACHABLE_CODE = YES;
				CLANG_WARN__DUPLICATE_METHOD_MATCH = YES;
				COPY_PHASE_STRIP = NO;
				DEBUG_INFORMATION_FORMAT = "dwarf-with-dsym";
				ENABLE_NS_ASSERTIONS = NO;
				ENABLE_STRICT_OBJC_MSGSEND = YES;
				GCC_C_LANGUAGE_STANDARD = gnu11;
				GCC_NO_COMMON_BLOCKS = YES;
				GCC_WARN_64_TO_32_BIT_CONVERSION = YES;
				GCC_WARN_ABOUT_RETURN_TYPE = YES_ERROR;
				GCC_WARN_UNDECLARED_SELECTOR = YES;
				GCC_WARN_UNINITIALIZED_AUTOS = YES_AGGRESSIVE;
				GCC_WARN_UNUSED_FUNCTION = YES;
				GCC_WARN_UNUSED_VARIABLE = YES;
				IPHONEOS_DEPLOYMENT_TARGET = 14.3;
				MTL_ENABLE_DEBUG_INFO = NO;
				MTL_FAST_MATH = YES;
				SDKROOT = iphoneos;
				SWIFT_COMPILATION_MODE = wholemodule;
				SWIFT_OPTIMIZATION_LEVEL = "-O";
				VALIDATE_PRODUCT = YES;
			};
			name = Release;
		};
		E175828625CB3429007036E6 /* Debug */ = {
			isa = XCBuildConfiguration;
			buildSettings = {
				ASSETCATALOG_COMPILER_APPICON_NAME = AppIcon;
				ASSETCATALOG_COMPILER_GLOBAL_ACCENT_COLOR_NAME = AccentColor;
				CODE_SIGN_STYLE = Automatic;
				DEVELOPMENT_ASSET_PATHS = "\"TMDB/Preview Content\"";
				ENABLE_PREVIEWS = YES;
				INFOPLIST_FILE = TMDB/Info.plist;
				IPHONEOS_DEPLOYMENT_TARGET = 14.0;
				LD_RUNPATH_SEARCH_PATHS = (
					"$(inherited)",
					"@executable_path/Frameworks",
				);
				PRODUCT_BUNDLE_IDENTIFIER = com.death.TMDB;
				PRODUCT_NAME = "$(TARGET_NAME)";
				SWIFT_VERSION = 5.0;
				TARGETED_DEVICE_FAMILY = "1,2";
			};
			name = Debug;
		};
		E175828725CB3429007036E6 /* Release */ = {
			isa = XCBuildConfiguration;
			buildSettings = {
				ASSETCATALOG_COMPILER_APPICON_NAME = AppIcon;
				ASSETCATALOG_COMPILER_GLOBAL_ACCENT_COLOR_NAME = AccentColor;
				CODE_SIGN_STYLE = Automatic;
				DEVELOPMENT_ASSET_PATHS = "\"TMDB/Preview Content\"";
				ENABLE_PREVIEWS = YES;
				INFOPLIST_FILE = TMDB/Info.plist;
				IPHONEOS_DEPLOYMENT_TARGET = 14.0;
				LD_RUNPATH_SEARCH_PATHS = (
					"$(inherited)",
					"@executable_path/Frameworks",
				);
				PRODUCT_BUNDLE_IDENTIFIER = com.death.TMDB;
				PRODUCT_NAME = "$(TARGET_NAME)";
				SWIFT_VERSION = 5.0;
				TARGETED_DEVICE_FAMILY = "1,2";
			};
			name = Release;
		};
/* End XCBuildConfiguration section */

/* Begin XCConfigurationList section */
		E175827125CB3428007036E6 /* Build configuration list for PBXProject "TMDB" */ = {
			isa = XCConfigurationList;
			buildConfigurations = (
				E175828325CB3429007036E6 /* Debug */,
				E175828425CB3429007036E6 /* Release */,
			);
			defaultConfigurationIsVisible = 0;
			defaultConfigurationName = Release;
		};
		E175828525CB3429007036E6 /* Build configuration list for PBXNativeTarget "TMDB" */ = {
			isa = XCConfigurationList;
			buildConfigurations = (
				E175828625CB3429007036E6 /* Debug */,
				E175828725CB3429007036E6 /* Release */,
			);
			defaultConfigurationIsVisible = 0;
			defaultConfigurationName = Release;
		};
/* End XCConfigurationList section */
	};
	rootObject = E175826E25CB3428007036E6 /* Project object */;
}
